
Microsoft Visual Studio Solution File, Format Version 12.00
# Visual Studio Version 16
VisualStudioVersion = 16.0.30804.86
MinimumVisualStudioVersion = 10.0.40219.1
Project("{FAE04EC0-301F-11D3-BF4B-00C04F79EFBC}") = "LabWorkTwoWPF", "LabWorkTwoWPF\LabWorkTwoWPF.csproj", "{8C966902-7EEC-428A-A65A-275B154EF638}"
EndProject
Global
	GlobalSection(SolutionConfigurationPlatforms) = preSolution
		Debug|Any CPU = Debug|Any CPU
		Release|Any CPU = Release|Any CPU
	EndGlobalSection
	GlobalSection(ProjectConfigurationPlatforms) = postSolution
		{8C966902-7EEC-428A-A65A-275B154EF638}.Debug|Any CPU.ActiveCfg = Debug|Any CPU
		{8C966902-7EEC-428A-A65A-275B154EF638}.Debug|Any CPU.Build.0 = Debug|Any CPU
		{8C966902-7EEC-428A-A65A-275B154EF638}.Release|Any CPU.ActiveCfg = Release|Any CPU
		{8C966902-7EEC-428A-A65A-275B154EF638}.Release|Any CPU.Build.0 = Release|Any CPU
	EndGlobalSection
	GlobalSection(SolutionProperties) = preSolution
		HideSolutionNode = FALSE
	EndGlobalSection
	GlobalSection(ExtensibilityGlobals) = postSolution
		SolutionGuid = {210E5E4D-FDAA-45F6-A961-F513A48CF626}
	EndGlobalSection
EndGlobal
